hash: 8acf580cb839e38d5842e1b4e143449507a0d91e00820a6ef5bc99fe05f36775
updated: 2016-02-18T15:05:38.56032202-08:00
imports:
- name: github.com/deis/pkg
  version: 20cd6d3875d29b186b47d7466dcc1672db01619c
  subpackages:
  - time
  - prettyprint
- name: github.com/docopt/docopt-go
  version: 784ddc588536785e7299f7272f39101f7faccc3f
- name: github.com/mattn/go-runewidth
  version: d037b52ae5c0338c2bb18da01fb7ddf0e8be9aa1
- name: github.com/olekukonko/tablewriter
  version: cca8bbc0798408af109aaaa239cbd2634846b340
- name: golang.org/x/crypto
  version: c84e1f8e3a7e322d497cd16c0e8a13c7e127baf3
  subpackages:
  - ssh/terminal
- name: gopkg.in/yaml.v2
  version: d466437aa4adc35830964cffc5b5f262c63ddcb4
devImports: []
